
Microsoft Visual Studio Solution File, Format Version 12.00
# Visual Studio Version 17
VisualStudioVersion = 17.7.34031.279
MinimumVisualStudioVersion = 10.0.40219.1
Project("{FAE04EC0-301F-11D3-BF4B-00C04F79EFBC}") = "Domain", "Domain\Domain.csproj", "{8C76BFF0-BB3B-46CE-84D7-57D649638220}"
EndProject
Project("{FAE04EC0-301F-11D3-BF4B-00C04F79EFBC}") = "Application", "Application\Application.csproj", "{2DF8C579-25AA-46E3-8640-F7B8B3A60116}"
EndProject
Project("{FAE04EC0-301F-11D3-BF4B-00C04F79EFBC}") = "infrastructure", "infrastructure\infrastructure.csproj", "{7BBFDAB1-DE75-4DB0-8C47-F22D8A3AEDC7}"
EndProject
Project("{FAE04EC0-301F-11D3-BF4B-00C04F79EFBC}") = "Presentation", "Presentation\Presentation.csproj", "{D76FCA81-B0AE-46B0-8594-A6EB36F33DE8}"
EndProject
Project("{2150E333-8FDC-42A3-9474-1A3956D46DE8}") = "src", "src", "{F8976315-B653-4D02-808B-1A6086F99822}"
EndProject
Global
	GlobalSection(SolutionConfigurationPlatforms) = preSolution
		Debug|Any CPU = Debug|Any CPU
		Release|Any CPU = Release|Any CPU
	EndGlobalSection
	GlobalSection(ProjectConfigurationPlatforms) = postSolution
		{8C76BFF0-BB3B-46CE-84D7-57D649638220}.Debug|Any CPU.ActiveCfg = Debug|Any CPU
		{8C76BFF0-BB3B-46CE-84D7-57D649638220}.Debug|Any CPU.Build.0 = Debug|Any CPU
		{8C76BFF0-BB3B-46CE-84D7-57D649638220}.Release|Any CPU.ActiveCfg = Release|Any CPU
		{8C76BFF0-BB3B-46CE-84D7-57D649638220}.Release|Any CPU.Build.0 = Release|Any CPU
		{2DF8C579-25AA-46E3-8640-F7B8B3A60116}.Debug|Any CPU.ActiveCfg = Debug|Any CPU
		{2DF8C579-25AA-46E3-8640-F7B8B3A60116}.Debug|Any CPU.Build.0 = Debug|Any CPU
		{2DF8C579-25AA-46E3-8640-F7B8B3A60116}.Release|Any CPU.ActiveCfg = Release|Any CPU
		{2DF8C579-25AA-46E3-8640-F7B8B3A60116}.Release|Any CPU.Build.0 = Release|Any CPU
		{7BBFDAB1-DE75-4DB0-8C47-F22D8A3AEDC7}.Debug|Any CPU.ActiveCfg = Debug|Any CPU
		{7BBFDAB1-DE75-4DB0-8C47-F22D8A3AEDC7}.Debug|Any CPU.Build.0 = Debug|Any CPU
		{7BBFDAB1-DE75-4DB0-8C47-F22D8A3AEDC7}.Release|Any CPU.ActiveCfg = Release|Any CPU
		{7BBFDAB1-DE75-4DB0-8C47-F22D8A3AEDC7}.Release|Any CPU.Build.0 = Release|Any CPU
		{D76FCA81-B0AE-46B0-8594-A6EB36F33DE8}.Debug|Any CPU.ActiveCfg = Debug|Any CPU
		{D76FCA81-B0AE-46B0-8594-A6EB36F33DE8}.Debug|Any CPU.Build.0 = Debug|Any CPU
		{D76FCA81-B0AE-46B0-8594-A6EB36F33DE8}.Release|Any CPU.ActiveCfg = Release|Any CPU
		{D76FCA81-B0AE-46B0-8594-A6EB36F33DE8}.Release|Any CPU.Build.0 = Release|Any CPU
	EndGlobalSection
	GlobalSection(SolutionProperties) = preSolution
		HideSolutionNode = FALSE
	EndGlobalSection
	GlobalSection(NestedProjects) = preSolution
		{8C76BFF0-BB3B-46CE-84D7-57D649638220} = {F8976315-B653-4D02-808B-1A6086F99822}
		{2DF8C579-25AA-46E3-8640-F7B8B3A60116} = {F8976315-B653-4D02-808B-1A6086F99822}
		{7BBFDAB1-DE75-4DB0-8C47-F22D8A3AEDC7} = {F8976315-B653-4D02-808B-1A6086F99822}
		{D76FCA81-B0AE-46B0-8594-A6EB36F33DE8} = {F8976315-B653-4D02-808B-1A6086F99822}
	EndGlobalSection
	GlobalSection(ExtensibilityGlobals) = postSolution
		SolutionGuid = {9616B525-E4C4-4F98-9008-2286E75EAD99}
	EndGlobalSection
EndGlobal
